
Microsoft Visual Studio Solution File, Format Version 12.00
# Visual Studio Version 16
VisualStudioVersion = 16.0.28803.452
MinimumVisualStudioVersion = 10.0.40219.1
Project("{FAE04EC0-301F-11D3-BF4B-00C04F79EFBC}") = "SoketProgram", "SoketProgram\SoketProgram.csproj", "{67078670-DB7C-4534-938E-03695204725B}"
EndProject
Global
	GlobalSection(SolutionConfigurationPlatforms) = preSolution
		Debug|Any CPU = Debug|Any CPU
		Release|Any CPU = Release|Any CPU
	EndGlobalSection
	GlobalSection(ProjectConfigurationPlatforms) = postSolution
		{67078670-DB7C-4534-938E-03695204725B}.Debug|Any CPU.ActiveCfg = Debug|Any CPU
		{67078670-DB7C-4534-938E-03695204725B}.Debug|Any CPU.Build.0 = Debug|Any CPU
		{67078670-DB7C-4534-938E-03695204725B}.Release|Any CPU.ActiveCfg = Release|Any CPU
		{67078670-DB7C-4534-938E-03695204725B}.Release|Any CPU.Build.0 = Release|Any CPU
	EndGlobalSection
	GlobalSection(SolutionProperties) = preSolution
		HideSolutionNode = FALSE
	EndGlobalSection
	GlobalSection(ExtensibilityGlobals) = postSolution
		SolutionGuid = {1753E3F4-6F4F-4228-B4C3-42CBB4AF5157}
	EndGlobalSection
EndGlobal
